
Microsoft Visual Studio Solution File, Format Version 12.00
# Visual Studio Version 17
VisualStudioVersion = 17.9.34616.47
MinimumVisualStudioVersion = 10.0.40219.1
Project("{FAE04EC0-301F-11D3-BF4B-00C04F79EFBC}") = "MedTest", "MedTest\MedTest.csproj", "{50CFE957-F4F6-4B1B-BD8D-FF9F129A5589}"
EndProject
Project("{FAE04EC0-301F-11D3-BF4B-00C04F79EFBC}") = "MedTest.Data", "MedTest.Data\MedTest.Data.csproj", "{D0FA7527-1F32-417D-83E2-126C84E47B30}"
EndProject
Global
	GlobalSection(SolutionConfigurationPlatforms) = preSolution
		Debug|Any CPU = Debug|Any CPU
		Release|Any CPU = Release|Any CPU
	EndGlobalSection
	GlobalSection(ProjectConfigurationPlatforms) = postSolution
		{50CFE957-F4F6-4B1B-BD8D-FF9F129A5589}.Debug|Any CPU.ActiveCfg = Debug|Any CPU
		{50CFE957-F4F6-4B1B-BD8D-FF9F129A5589}.Debug|Any CPU.Build.0 = Debug|Any CPU
		{50CFE957-F4F6-4B1B-BD8D-FF9F129A5589}.Release|Any CPU.ActiveCfg = Release|Any CPU
		{50CFE957-F4F6-4B1B-BD8D-FF9F129A5589}.Release|Any CPU.Build.0 = Release|Any CPU
		{D0FA7527-1F32-417D-83E2-126C84E47B30}.Debug|Any CPU.ActiveCfg = Debug|Any CPU
		{D0FA7527-1F32-417D-83E2-126C84E47B30}.Debug|Any CPU.Build.0 = Debug|Any CPU
		{D0FA7527-1F32-417D-83E2-126C84E47B30}.Release|Any CPU.ActiveCfg = Release|Any CPU
		{D0FA7527-1F32-417D-83E2-126C84E47B30}.Release|Any CPU.Build.0 = Release|Any CPU
	EndGlobalSection
	GlobalSection(SolutionProperties) = preSolution
		HideSolutionNode = FALSE
	EndGlobalSection
	GlobalSection(ExtensibilityGlobals) = postSolution
		SolutionGuid = {2D94C9E5-9574-40AB-B387-7F41293F33C4}
	EndGlobalSection
EndGlobal
